
Microsoft Visual Studio Solution File, Format Version 12.00
# Visual Studio Version 17
VisualStudioVersion = 17.8.34322.80
MinimumVisualStudioVersion = 10.0.40219.1
Project("{9A19103F-16F7-4668-BE54-9A1E7A4F7556}") = "Tony-Backend.API", "Tony-Backend.API\Tony-Backend.API.csproj", "{ADB7AFFA-046E-49C4-BC90-C3F964AD187A}"
EndProject
Project("{9A19103F-16F7-4668-BE54-9A1E7A4F7556}") = "Tony-Backend.Application", "Tony-Backend.Application\Tony-Backend.Application.csproj", "{935375A3-7882-48A5-BC09-8B675633B4D6}"
EndProject
Project("{9A19103F-16F7-4668-BE54-9A1E7A4F7556}") = "Tony-Backend.Infrastructure", "Tony-Backend.Infrastructure\Tony-Backend.Infrastructure.csproj", "{6143B5C2-6F13-441F-81A3-F6B48866DE0F}"
EndProject
Project("{9A19103F-16F7-4668-BE54-9A1E7A4F7556}") = "Tony-Backend.QueueAPI", "Tony-Backend.QueueAPI\Tony-Backend.QueueAPI.csproj", "{EF3BB0B0-2ED3-448F-8259-4484361A3659}"
EndProject
Project("{9A19103F-16F7-4668-BE54-9A1E7A4F7556}") = "Tony-Backend.Receiver", "Tony-Backend.Receiver\Tony-Backend.Receiver.csproj", "{ABAC4217-1080-40C5-9C4D-7A779493D0A3}"
EndProject
Project("{E53339B2-1760-4266-BCC7-CA923CBCF16C}") = "docker-compose", "docker-compose.dcproj", "{34138C4B-7367-4DE9-9889-870847F39481}"
EndProject
Global
	GlobalSection(SolutionConfigurationPlatforms) = preSolution
		Debug|Any CPU = Debug|Any CPU
		Release|Any CPU = Release|Any CPU
	EndGlobalSection
	GlobalSection(ProjectConfigurationPlatforms) = postSolution
		{ADB7AFFA-046E-49C4-BC90-C3F964AD187A}.Debug|Any CPU.ActiveCfg = Debug|Any CPU
		{ADB7AFFA-046E-49C4-BC90-C3F964AD187A}.Debug|Any CPU.Build.0 = Debug|Any CPU
		{ADB7AFFA-046E-49C4-BC90-C3F964AD187A}.Release|Any CPU.ActiveCfg = Release|Any CPU
		{ADB7AFFA-046E-49C4-BC90-C3F964AD187A}.Release|Any CPU.Build.0 = Release|Any CPU
		{935375A3-7882-48A5-BC09-8B675633B4D6}.Debug|Any CPU.ActiveCfg = Debug|Any CPU
		{935375A3-7882-48A5-BC09-8B675633B4D6}.Debug|Any CPU.Build.0 = Debug|Any CPU
		{935375A3-7882-48A5-BC09-8B675633B4D6}.Release|Any CPU.ActiveCfg = Release|Any CPU
		{935375A3-7882-48A5-BC09-8B675633B4D6}.Release|Any CPU.Build.0 = Release|Any CPU
		{6143B5C2-6F13-441F-81A3-F6B48866DE0F}.Debug|Any CPU.ActiveCfg = Debug|Any CPU
		{6143B5C2-6F13-441F-81A3-F6B48866DE0F}.Debug|Any CPU.Build.0 = Debug|Any CPU
		{6143B5C2-6F13-441F-81A3-F6B48866DE0F}.Release|Any CPU.ActiveCfg = Release|Any CPU
		{6143B5C2-6F13-441F-81A3-F6B48866DE0F}.Release|Any CPU.Build.0 = Release|Any CPU
		{EF3BB0B0-2ED3-448F-8259-4484361A3659}.Debug|Any CPU.ActiveCfg = Debug|Any CPU
		{EF3BB0B0-2ED3-448F-8259-4484361A3659}.Debug|Any CPU.Build.0 = Debug|Any CPU
		{EF3BB0B0-2ED3-448F-8259-4484361A3659}.Release|Any CPU.ActiveCfg = Release|Any CPU
		{EF3BB0B0-2ED3-448F-8259-4484361A3659}.Release|Any CPU.Build.0 = Release|Any CPU
		{ABAC4217-1080-40C5-9C4D-7A779493D0A3}.Debug|Any CPU.ActiveCfg = Debug|Any CPU
		{ABAC4217-1080-40C5-9C4D-7A779493D0A3}.Debug|Any CPU.Build.0 = Debug|Any CPU
		{ABAC4217-1080-40C5-9C4D-7A779493D0A3}.Release|Any CPU.ActiveCfg = Release|Any CPU
		{ABAC4217-1080-40C5-9C4D-7A779493D0A3}.Release|Any CPU.Build.0 = Release|Any CPU
		{34138C4B-7367-4DE9-9889-870847F39481}.Debug|Any CPU.ActiveCfg = Debug|Any CPU
		{34138C4B-7367-4DE9-9889-870847F39481}.Debug|Any CPU.Build.0 = Debug|Any CPU
		{34138C4B-7367-4DE9-9889-870847F39481}.Release|Any CPU.ActiveCfg = Release|Any CPU
		{34138C4B-7367-4DE9-9889-870847F39481}.Release|Any CPU.Build.0 = Release|Any CPU
	EndGlobalSection
	GlobalSection(SolutionProperties) = preSolution
		HideSolutionNode = FALSE
	EndGlobalSection
	GlobalSection(ExtensibilityGlobals) = postSolution
		SolutionGuid = {191C7BC2-87EB-41F6-9715-21887E7CB299}
	EndGlobalSection
EndGlobal
